
Microsoft Visual Studio Solution File, Format Version 12.00
# Visual Studio Version 17
VisualStudioVersion = 17.0.31903.59
MinimumVisualStudioVersion = 10.0.40219.1
Project("{2150E333-8FDC-42A3-9474-1A3956D46DE8}") = "src", "src", "{A9F07A72-3059-4BA9-9CC4-0297A2327548}"
EndProject
Project("{2150E333-8FDC-42A3-9474-1A3956D46DE8}") = "tests", "tests", "{3DAF4535-C04B-4697-85CA-01B47D4BFC9F}"
EndProject
Project("{2150E333-8FDC-42A3-9474-1A3956D46DE8}") = "deployment", "deployment", "{144CD756-610A-4620-98F8-6EFFEBEDDC02}"
EndProject
Project("{2150E333-8FDC-42A3-9474-1A3956D46DE8}") = "Users", "Users", "{8395DEE1-6B9B-443B-9D13-EA40B6C2DFBC}"
EndProject
Project("{FAE04EC0-301F-11D3-BF4B-00C04F79EFBC}") = "Users.API", "src\Users\Users.API\Users.API.csproj", "{3ECD8DF1-9A44-48E7-8EA3-798DF563F5A3}"
EndProject
Global
	GlobalSection(SolutionConfigurationPlatforms) = preSolution
		Debug|Any CPU = Debug|Any CPU
		Release|Any CPU = Release|Any CPU
	EndGlobalSection
	GlobalSection(ProjectConfigurationPlatforms) = postSolution
		{3ECD8DF1-9A44-48E7-8EA3-798DF563F5A3}.Debug|Any CPU.ActiveCfg = Debug|Any CPU
		{3ECD8DF1-9A44-48E7-8EA3-798DF563F5A3}.Debug|Any CPU.Build.0 = Debug|Any CPU
		{3ECD8DF1-9A44-48E7-8EA3-798DF563F5A3}.Release|Any CPU.ActiveCfg = Release|Any CPU
		{3ECD8DF1-9A44-48E7-8EA3-798DF563F5A3}.Release|Any CPU.Build.0 = Release|Any CPU
	EndGlobalSection
	GlobalSection(SolutionProperties) = preSolution
		HideSolutionNode = FALSE
	EndGlobalSection
	GlobalSection(NestedProjects) = preSolution
		{8395DEE1-6B9B-443B-9D13-EA40B6C2DFBC} = {A9F07A72-3059-4BA9-9CC4-0297A2327548}
		{3ECD8DF1-9A44-48E7-8EA3-798DF563F5A3} = {8395DEE1-6B9B-443B-9D13-EA40B6C2DFBC}
	EndGlobalSection
	GlobalSection(ExtensibilityGlobals) = postSolution
		SolutionGuid = {DE271940-9E47-4CB5-8FFB-D8AD0F5E46F3}
	EndGlobalSection
EndGlobal
