
Microsoft Visual Studio Solution File, Format Version 12.00
# Visual Studio Version 17
VisualStudioVersion = 17.0.31903.59
MinimumVisualStudioVersion = 10.0.40219.1
Project("{2150E333-8FDC-42A3-9474-1A3956D46DE8}") = "src", "src", "{A9F07A72-3059-4BA9-9CC4-0297A2327548}"
EndProject
Project("{2150E333-8FDC-42A3-9474-1A3956D46DE8}") = "tests", "tests", "{3DAF4535-C04B-4697-85CA-01B47D4BFC9F}"
EndProject
Project("{2150E333-8FDC-42A3-9474-1A3956D46DE8}") = "deployment", "deployment", "{144CD756-610A-4620-98F8-6EFFEBEDDC02}"
EndProject
Project("{2150E333-8FDC-42A3-9474-1A3956D46DE8}") = "Users", "Users", "{8395DEE1-6B9B-443B-9D13-EA40B6C2DFBC}"
EndProject
Project("{FAE04EC0-301F-11D3-BF4B-00C04F79EFBC}") = "Users.API", "src\Users\Users.API\Users.API.csproj", "{3ECD8DF1-9A44-48E7-8EA3-798DF563F5A3}"
EndProject
Project("{2150E333-8FDC-42A3-9474-1A3956D46DE8}") = "Courses", "Courses", "{B289B98A-F1FD-4AE5-97A9-E70EDB5F6132}"
EndProject
Project("{2150E333-8FDC-42A3-9474-1A3956D46DE8}") = "Payments", "Payments", "{3F93C387-DDBA-43D3-9AD5-992516B2637A}"
EndProject
Project("{2150E333-8FDC-42A3-9474-1A3956D46DE8}") = "Competitions", "Competitions", "{DD942F74-E897-43B6-85B0-C30636B25D0A}"
EndProject
Project("{FAE04EC0-301F-11D3-BF4B-00C04F79EFBC}") = "Users.Domain", "src\Users\Users.Domain\Users.Domain.csproj", "{2C3B4325-15A3-4BA6-95B1-26D70B74E53E}"
EndProject
Project("{FAE04EC0-301F-11D3-BF4B-00C04F79EFBC}") = "Users.Application", "src\Users\Users.Application\Users.Application.csproj", "{0BF87EC4-D7A1-4DEC-8889-04A08E4EC419}"
EndProject
Project("{FAE04EC0-301F-11D3-BF4B-00C04F79EFBC}") = "Users.Infrastructure", "src\Users\Users.Infrastructure\Users.Infrastructure.csproj", "{A767B0EF-5460-4C5E-9587-EC41CCE3CD4C}"
EndProject
Project("{FAE04EC0-301F-11D3-BF4B-00C04F79EFBC}") = "Payments.API", "src\Payments\Payments.API\Payments.API.csproj", "{A8420953-33A3-499F-9347-733178A3D2EF}"
EndProject
Project("{FAE04EC0-301F-11D3-BF4B-00C04F79EFBC}") = "Payments.Domain", "src\Payments\Payments.Domain\Payments.Domain.csproj", "{A0C2600A-2636-4A4F-9030-3C5FE77E681A}"
EndProject
Project("{FAE04EC0-301F-11D3-BF4B-00C04F79EFBC}") = "Payments.Application", "src\Payments\Payments.Application\Payments.Application.csproj", "{4E3E5C5A-3CF2-4443-A630-15E19B7764CA}"
EndProject
Project("{FAE04EC0-301F-11D3-BF4B-00C04F79EFBC}") = "Payments.Infrastructure", "src\Payments\Payments.Infrastructure\Payments.Infrastructure.csproj", "{B51A8FA0-B5B2-4143-9A0A-89854578291D}"
EndProject
Project("{FAE04EC0-301F-11D3-BF4B-00C04F79EFBC}") = "Courses.API", "src\Courses\Courses.API\Courses.API.csproj", "{8BEA285F-DAB9-4BF0-AB84-4984434EFDA6}"
EndProject
Project("{FAE04EC0-301F-11D3-BF4B-00C04F79EFBC}") = "Courses.Domain", "src\Courses\Courses.Domain\Courses.Domain.csproj", "{55279C16-FF95-4802-ADF3-A9FB470F6A0C}"
EndProject
Project("{FAE04EC0-301F-11D3-BF4B-00C04F79EFBC}") = "Courses.Application", "src\Courses\Courses.Application\Courses.Application.csproj", "{64B57889-1254-4089-9BA3-5A32A82ABE62}"
EndProject
Project("{FAE04EC0-301F-11D3-BF4B-00C04F79EFBC}") = "Courses.Infrastructure", "src\Courses\Courses.Infrastructure\Courses.Infrastructure.csproj", "{8911CE4E-910B-4C1C-859F-D542DE92A876}"
EndProject
Project("{FAE04EC0-301F-11D3-BF4B-00C04F79EFBC}") = "Competitions.API", "src\Competitions\Competitions.API\Competitions.API.csproj", "{3FEBB950-051D-476A-8EBD-5EB51713EFBC}"
EndProject
Project("{FAE04EC0-301F-11D3-BF4B-00C04F79EFBC}") = "Competitions.Domain", "src\Competitions\Competitions.Domain\Competitions.Domain.csproj", "{7EBAEA4B-F475-4B1B-9445-45E88ED80AE1}"
EndProject
Project("{FAE04EC0-301F-11D3-BF4B-00C04F79EFBC}") = "Competitions.Application", "src\Competitions\Competitions.Application\Competitions.Application.csproj", "{9B9DC5BE-5BCB-4214-957F-93CFF2277D2D}"
EndProject
Project("{FAE04EC0-301F-11D3-BF4B-00C04F79EFBC}") = "Competitions.Infrastructure", "src\Competitions\Competitions.Infrastructure\Competitions.Infrastructure.csproj", "{0DBE6D43-D664-41EE-8B03-3EB47AB9BEF3}"
EndProject
Global
	GlobalSection(SolutionConfigurationPlatforms) = preSolution
		Debug|Any CPU = Debug|Any CPU
		Release|Any CPU = Release|Any CPU
	EndGlobalSection
	GlobalSection(ProjectConfigurationPlatforms) = postSolution
		{3ECD8DF1-9A44-48E7-8EA3-798DF563F5A3}.Debug|Any CPU.ActiveCfg = Debug|Any CPU
		{3ECD8DF1-9A44-48E7-8EA3-798DF563F5A3}.Debug|Any CPU.Build.0 = Debug|Any CPU
		{3ECD8DF1-9A44-48E7-8EA3-798DF563F5A3}.Release|Any CPU.ActiveCfg = Release|Any CPU
		{3ECD8DF1-9A44-48E7-8EA3-798DF563F5A3}.Release|Any CPU.Build.0 = Release|Any CPU
		{2C3B4325-15A3-4BA6-95B1-26D70B74E53E}.Debug|Any CPU.ActiveCfg = Debug|Any CPU
		{2C3B4325-15A3-4BA6-95B1-26D70B74E53E}.Debug|Any CPU.Build.0 = Debug|Any CPU
		{2C3B4325-15A3-4BA6-95B1-26D70B74E53E}.Release|Any CPU.ActiveCfg = Release|Any CPU
		{2C3B4325-15A3-4BA6-95B1-26D70B74E53E}.Release|Any CPU.Build.0 = Release|Any CPU
		{0BF87EC4-D7A1-4DEC-8889-04A08E4EC419}.Debug|Any CPU.ActiveCfg = Debug|Any CPU
		{0BF87EC4-D7A1-4DEC-8889-04A08E4EC419}.Debug|Any CPU.Build.0 = Debug|Any CPU
		{0BF87EC4-D7A1-4DEC-8889-04A08E4EC419}.Release|Any CPU.ActiveCfg = Release|Any CPU
		{0BF87EC4-D7A1-4DEC-8889-04A08E4EC419}.Release|Any CPU.Build.0 = Release|Any CPU
		{A767B0EF-5460-4C5E-9587-EC41CCE3CD4C}.Debug|Any CPU.ActiveCfg = Debug|Any CPU
		{A767B0EF-5460-4C5E-9587-EC41CCE3CD4C}.Debug|Any CPU.Build.0 = Debug|Any CPU
		{A767B0EF-5460-4C5E-9587-EC41CCE3CD4C}.Release|Any CPU.ActiveCfg = Release|Any CPU
		{A767B0EF-5460-4C5E-9587-EC41CCE3CD4C}.Release|Any CPU.Build.0 = Release|Any CPU
		{A8420953-33A3-499F-9347-733178A3D2EF}.Debug|Any CPU.ActiveCfg = Debug|Any CPU
		{A8420953-33A3-499F-9347-733178A3D2EF}.Debug|Any CPU.Build.0 = Debug|Any CPU
		{A8420953-33A3-499F-9347-733178A3D2EF}.Release|Any CPU.ActiveCfg = Release|Any CPU
		{A8420953-33A3-499F-9347-733178A3D2EF}.Release|Any CPU.Build.0 = Release|Any CPU
		{A0C2600A-2636-4A4F-9030-3C5FE77E681A}.Debug|Any CPU.ActiveCfg = Debug|Any CPU
		{A0C2600A-2636-4A4F-9030-3C5FE77E681A}.Debug|Any CPU.Build.0 = Debug|Any CPU
		{A0C2600A-2636-4A4F-9030-3C5FE77E681A}.Release|Any CPU.ActiveCfg = Release|Any CPU
		{A0C2600A-2636-4A4F-9030-3C5FE77E681A}.Release|Any CPU.Build.0 = Release|Any CPU
		{4E3E5C5A-3CF2-4443-A630-15E19B7764CA}.Debug|Any CPU.ActiveCfg = Debug|Any CPU
		{4E3E5C5A-3CF2-4443-A630-15E19B7764CA}.Debug|Any CPU.Build.0 = Debug|Any CPU
		{4E3E5C5A-3CF2-4443-A630-15E19B7764CA}.Release|Any CPU.ActiveCfg = Release|Any CPU
		{4E3E5C5A-3CF2-4443-A630-15E19B7764CA}.Release|Any CPU.Build.0 = Release|Any CPU
		{B51A8FA0-B5B2-4143-9A0A-89854578291D}.Debug|Any CPU.ActiveCfg = Debug|Any CPU
		{B51A8FA0-B5B2-4143-9A0A-89854578291D}.Debug|Any CPU.Build.0 = Debug|Any CPU
		{B51A8FA0-B5B2-4143-9A0A-89854578291D}.Release|Any CPU.ActiveCfg = Release|Any CPU
		{B51A8FA0-B5B2-4143-9A0A-89854578291D}.Release|Any CPU.Build.0 = Release|Any CPU
		{8BEA285F-DAB9-4BF0-AB84-4984434EFDA6}.Debug|Any CPU.ActiveCfg = Debug|Any CPU
		{8BEA285F-DAB9-4BF0-AB84-4984434EFDA6}.Debug|Any CPU.Build.0 = Debug|Any CPU
		{8BEA285F-DAB9-4BF0-AB84-4984434EFDA6}.Release|Any CPU.ActiveCfg = Release|Any CPU
		{8BEA285F-DAB9-4BF0-AB84-4984434EFDA6}.Release|Any CPU.Build.0 = Release|Any CPU
		{55279C16-FF95-4802-ADF3-A9FB470F6A0C}.Debug|Any CPU.ActiveCfg = Debug|Any CPU
		{55279C16-FF95-4802-ADF3-A9FB470F6A0C}.Debug|Any CPU.Build.0 = Debug|Any CPU
		{55279C16-FF95-4802-ADF3-A9FB470F6A0C}.Release|Any CPU.ActiveCfg = Release|Any CPU
		{55279C16-FF95-4802-ADF3-A9FB470F6A0C}.Release|Any CPU.Build.0 = Release|Any CPU
		{64B57889-1254-4089-9BA3-5A32A82ABE62}.Debug|Any CPU.ActiveCfg = Debug|Any CPU
		{64B57889-1254-4089-9BA3-5A32A82ABE62}.Debug|Any CPU.Build.0 = Debug|Any CPU
		{64B57889-1254-4089-9BA3-5A32A82ABE62}.Release|Any CPU.ActiveCfg = Release|Any CPU
		{64B57889-1254-4089-9BA3-5A32A82ABE62}.Release|Any CPU.Build.0 = Release|Any CPU
		{8911CE4E-910B-4C1C-859F-D542DE92A876}.Debug|Any CPU.ActiveCfg = Debug|Any CPU
		{8911CE4E-910B-4C1C-859F-D542DE92A876}.Debug|Any CPU.Build.0 = Debug|Any CPU
		{8911CE4E-910B-4C1C-859F-D542DE92A876}.Release|Any CPU.ActiveCfg = Release|Any CPU
		{8911CE4E-910B-4C1C-859F-D542DE92A876}.Release|Any CPU.Build.0 = Release|Any CPU
		{3FEBB950-051D-476A-8EBD-5EB51713EFBC}.Debug|Any CPU.ActiveCfg = Debug|Any CPU
		{3FEBB950-051D-476A-8EBD-5EB51713EFBC}.Debug|Any CPU.Build.0 = Debug|Any CPU
		{3FEBB950-051D-476A-8EBD-5EB51713EFBC}.Release|Any CPU.ActiveCfg = Release|Any CPU
		{3FEBB950-051D-476A-8EBD-5EB51713EFBC}.Release|Any CPU.Build.0 = Release|Any CPU
		{7EBAEA4B-F475-4B1B-9445-45E88ED80AE1}.Debug|Any CPU.ActiveCfg = Debug|Any CPU
		{7EBAEA4B-F475-4B1B-9445-45E88ED80AE1}.Debug|Any CPU.Build.0 = Debug|Any CPU
		{7EBAEA4B-F475-4B1B-9445-45E88ED80AE1}.Release|Any CPU.ActiveCfg = Release|Any CPU
		{7EBAEA4B-F475-4B1B-9445-45E88ED80AE1}.Release|Any CPU.Build.0 = Release|Any CPU
		{9B9DC5BE-5BCB-4214-957F-93CFF2277D2D}.Debug|Any CPU.ActiveCfg = Debug|Any CPU
		{9B9DC5BE-5BCB-4214-957F-93CFF2277D2D}.Debug|Any CPU.Build.0 = Debug|Any CPU
		{9B9DC5BE-5BCB-4214-957F-93CFF2277D2D}.Release|Any CPU.ActiveCfg = Release|Any CPU
		{9B9DC5BE-5BCB-4214-957F-93CFF2277D2D}.Release|Any CPU.Build.0 = Release|Any CPU
		{0DBE6D43-D664-41EE-8B03-3EB47AB9BEF3}.Debug|Any CPU.ActiveCfg = Debug|Any CPU
		{0DBE6D43-D664-41EE-8B03-3EB47AB9BEF3}.Debug|Any CPU.Build.0 = Debug|Any CPU
		{0DBE6D43-D664-41EE-8B03-3EB47AB9BEF3}.Release|Any CPU.ActiveCfg = Release|Any CPU
		{0DBE6D43-D664-41EE-8B03-3EB47AB9BEF3}.Release|Any CPU.Build.0 = Release|Any CPU
	EndGlobalSection
	GlobalSection(SolutionProperties) = preSolution
		HideSolutionNode = FALSE
	EndGlobalSection
	GlobalSection(NestedProjects) = preSolution
		{8395DEE1-6B9B-443B-9D13-EA40B6C2DFBC} = {A9F07A72-3059-4BA9-9CC4-0297A2327548}
		{3ECD8DF1-9A44-48E7-8EA3-798DF563F5A3} = {8395DEE1-6B9B-443B-9D13-EA40B6C2DFBC}
		{B289B98A-F1FD-4AE5-97A9-E70EDB5F6132} = {A9F07A72-3059-4BA9-9CC4-0297A2327548}
		{3F93C387-DDBA-43D3-9AD5-992516B2637A} = {A9F07A72-3059-4BA9-9CC4-0297A2327548}
		{DD942F74-E897-43B6-85B0-C30636B25D0A} = {A9F07A72-3059-4BA9-9CC4-0297A2327548}
		{2C3B4325-15A3-4BA6-95B1-26D70B74E53E} = {8395DEE1-6B9B-443B-9D13-EA40B6C2DFBC}
		{0BF87EC4-D7A1-4DEC-8889-04A08E4EC419} = {8395DEE1-6B9B-443B-9D13-EA40B6C2DFBC}
		{A767B0EF-5460-4C5E-9587-EC41CCE3CD4C} = {8395DEE1-6B9B-443B-9D13-EA40B6C2DFBC}
		{A8420953-33A3-499F-9347-733178A3D2EF} = {3F93C387-DDBA-43D3-9AD5-992516B2637A}
		{A0C2600A-2636-4A4F-9030-3C5FE77E681A} = {3F93C387-DDBA-43D3-9AD5-992516B2637A}
		{4E3E5C5A-3CF2-4443-A630-15E19B7764CA} = {3F93C387-DDBA-43D3-9AD5-992516B2637A}
		{B51A8FA0-B5B2-4143-9A0A-89854578291D} = {3F93C387-DDBA-43D3-9AD5-992516B2637A}
		{8BEA285F-DAB9-4BF0-AB84-4984434EFDA6} = {B289B98A-F1FD-4AE5-97A9-E70EDB5F6132}
		{55279C16-FF95-4802-ADF3-A9FB470F6A0C} = {B289B98A-F1FD-4AE5-97A9-E70EDB5F6132}
		{64B57889-1254-4089-9BA3-5A32A82ABE62} = {B289B98A-F1FD-4AE5-97A9-E70EDB5F6132}
		{8911CE4E-910B-4C1C-859F-D542DE92A876} = {B289B98A-F1FD-4AE5-97A9-E70EDB5F6132}
		{3FEBB950-051D-476A-8EBD-5EB51713EFBC} = {DD942F74-E897-43B6-85B0-C30636B25D0A}
		{7EBAEA4B-F475-4B1B-9445-45E88ED80AE1} = {DD942F74-E897-43B6-85B0-C30636B25D0A}
		{9B9DC5BE-5BCB-4214-957F-93CFF2277D2D} = {DD942F74-E897-43B6-85B0-C30636B25D0A}
		{0DBE6D43-D664-41EE-8B03-3EB47AB9BEF3} = {DD942F74-E897-43B6-85B0-C30636B25D0A}
	EndGlobalSection
	GlobalSection(ExtensibilityGlobals) = postSolution
		SolutionGuid = {DE271940-9E47-4CB5-8FFB-D8AD0F5E46F3}
	EndGlobalSection
EndGlobal
